# This file is automatically @generated by Cargo.
# It is not intended for manual editing.
version = 3

[[package]]
name = "addr2line"
version = "0.20.0"
source = "registry+https://github.com/rust-lang/crates.io-index"
checksum = "f4fa78e18c64fce05e902adecd7a5eed15a5e0a3439f7b0e169f0252214865e3"
dependencies = [
 "gimli",
]

[[package]]
name = "adler"
version = "1.0.2"
source = "registry+https://github.com/rust-lang/crates.io-index"
checksum = "f26201604c87b1e01bd3d98f8d5d9a8fcbb815e8cedb41ffccbeb4bf593a35fe"

[[package]]
name = "aho-corasick"
version = "1.0.2"
source = "registry+https://github.com/rust-lang/crates.io-index"
checksum = "43f6cb1bf222025340178f382c426f13757b2960e89779dfcb319c32542a5a41"
dependencies = [
 "memchr",
]

[[package]]
name = "autocfg"
version = "1.1.0"
source = "registry+https://github.com/rust-lang/crates.io-index"
checksum = "d468802bab17cbc0cc575e9b053f41e72aa36bfa6b7f55e3529ffa43161b97fa"

[[package]]
name = "backtrace"
version = "0.3.68"
source = "registry+https://github.com/rust-lang/crates.io-index"
checksum = "4319208da049c43661739c5fade2ba182f09d1dc2299b32298d3a31692b17e12"
dependencies = [
 "addr2line",
 "cc",
 "cfg-if",
 "libc",
 "miniz_oxide",
 "object",
 "rustc-demangle",
]

[[package]]
name = "bincode"
version = "1.3.3"
source = "registry+https://github.com/rust-lang/crates.io-index"
checksum = "b1f45e9417d87227c7a56d22e471c6206462cba514c7590c09aff4cf6d1ddcad"
dependencies = [
 "serde",
]

[[package]]
name = "bitflags"
version = "1.3.2"
source = "registry+https://github.com/rust-lang/crates.io-index"
checksum = "bef38d45163c2f1dde094a7dfd33ccf595c92905c8f8f4fdc18d06fb1037718a"

[[package]]
name = "burnt-sushi-blocker"
version = "0.2.0"
dependencies = [
 "capnp",
 "capnp-rpc",
 "dll-syringe",
 "enum-map",
 "futures",
 "regex",
 "retour",
 "shared",
 "tokio",
 "tokio-util",
 "u16cstr",
 "winapi",
]

[[package]]
name = "bytes"
version = "1.4.0"
source = "registry+https://github.com/rust-lang/crates.io-index"
checksum = "89b2fd2a0dcf38d7971e2194b6b6eebab45ae01067456a7fd93d5547a61b70be"

[[package]]
name = "capnp"
version = "0.17.2"
source = "registry+https://github.com/rust-lang/crates.io-index"
checksum = "95e65021d89250bbfe7c2791789ced2c4bdc21b0e8bb59c64f3fd6145a5fd678"

[[package]]
name = "capnp-futures"
version = "0.17.0"
source = "registry+https://github.com/rust-lang/crates.io-index"
checksum = "71d520e0af228b92de357f230f4987ee4f9786f2b8aa24b9cfe53f5b11c17198"
dependencies = [
 "capnp",
 "futures",
]

[[package]]
name = "capnp-rpc"
version = "0.17.0"
source = "registry+https://github.com/rust-lang/crates.io-index"
checksum = "9ab8e869783e491cbcc350427a5e775aa4d8a1deaa5198d74332957cfa430779"
dependencies = [
 "capnp",
 "capnp-futures",
 "futures",
]

[[package]]
name = "capnpc"
version = "0.17.2"
source = "registry+https://github.com/rust-lang/crates.io-index"
checksum = "fbbc3763fb3e6635188e9cc51ee11a26f8777c553ca377430818dbebaaf6042b"
dependencies = [
 "capnp",
]

[[package]]
name = "cargo-emit"
version = "0.2.1"
source = "registry+https://github.com/rust-lang/crates.io-index"
checksum = "1582e1c9e755dd6ad6b224dcffb135d199399a4568d454bd89fe515ca8425695"

[[package]]
name = "cc"
version = "1.0.79"
source = "registry+https://github.com/rust-lang/crates.io-index"
checksum = "50d30906286121d95be3d479533b458f87493b30a4b5f79a607db8f5d11aa91f"

[[package]]
name = "cfg-if"
version = "1.0.0"
source = "registry+https://github.com/rust-lang/crates.io-index"
checksum = "baf1de4339761588bc0619e3cbc0120ee582ebb74b53b4efbf79117bd2da40fd"

[[package]]
name = "const_panic"
version = "0.2.8"
source = "registry+https://github.com/rust-lang/crates.io-index"
checksum = "6051f239ecec86fde3410901ab7860d458d160371533842974fc61f96d15879b"

[[package]]
name = "core-foundation-sys"
version = "0.8.4"
source = "registry+https://github.com/rust-lang/crates.io-index"
checksum = "e496a50fda8aacccc86d7529e2c1e0892dbd0f898a6b5645b5561b89c3210efa"

[[package]]
name = "cstr"
version = "0.2.11"
source = "registry+https://github.com/rust-lang/crates.io-index"
checksum = "8aa998c33a6d3271e3678950a22134cd7dd27cef86dee1b611b5b14207d1d90b"
dependencies = [
 "proc-macro2",
 "quote",
]

[[package]]
name = "dll-syringe"
version = "0.15.2"
source = "registry+https://github.com/rust-lang/crates.io-index"
checksum = "bdc807201d54de75e9bd7ad199d0031048625059f84acfc94506bdb13c0b4f59"
dependencies = [
 "bincode",
 "cstr",
 "goblin",
 "iced-x86",
 "konst",
 "num_enum",
 "path-absolutize",
 "same-file",
 "serde",
 "shrinkwraprs",
 "stopwatch2",
 "sysinfo",
 "thiserror",
 "widestring",
 "winapi",
]

[[package]]
name = "either"
version = "1.8.1"
source = "registry+https://github.com/rust-lang/crates.io-index"
checksum = "7fcaabb2fef8c910e7f4c7ce9f67a1283a1715879a7c230ca9d6d1ae31f16d91"

[[package]]
name = "enum-map"
version = "2.6.0"
source = "registry+https://github.com/rust-lang/crates.io-index"
checksum = "017b207acb4cc917f4c31758ed95c0bc63ddb0f358b22eb38f80a2b2a43f6b1f"
dependencies = [
 "enum-map-derive",
]

[[package]]
name = "enum-map-derive"
version = "0.12.0"
source = "registry+https://github.com/rust-lang/crates.io-index"
checksum = "8560b409800a72d2d7860f8e5f4e0b0bd22bea6a352ea2a9ce30ccdef7f16d2f"
dependencies = [
 "proc-macro2",
 "quote",
 "syn 2.0.25",
]

[[package]]
name = "futures"
version = "0.3.28"
source = "registry+https://github.com/rust-lang/crates.io-index"
checksum = "23342abe12aba583913b2e62f22225ff9c950774065e4bfb61a19cd9770fec40"
dependencies = [
 "futures-channel",
 "futures-core",
 "futures-io",
 "futures-sink",
 "futures-task",
 "futures-util",
]

[[package]]
name = "futures-channel"
version = "0.3.28"
source = "registry+https://github.com/rust-lang/crates.io-index"
checksum = "955518d47e09b25bbebc7a18df10b81f0c766eaf4c4f1cccef2fca5f2a4fb5f2"
dependencies = [
 "futures-core",
 "futures-sink",
]

[[package]]
name = "futures-core"
version = "0.3.28"
source = "registry+https://github.com/rust-lang/crates.io-index"
checksum = "4bca583b7e26f571124fe5b7561d49cb2868d79116cfa0eefce955557c6fee8c"

[[package]]
name = "futures-io"
version = "0.3.28"
source = "registry+https://github.com/rust-lang/crates.io-index"
checksum = "4fff74096e71ed47f8e023204cfd0aa1289cd54ae5430a9523be060cdb849964"

[[package]]
name = "futures-sink"
version = "0.3.28"
source = "registry+https://github.com/rust-lang/crates.io-index"
checksum = "f43be4fe21a13b9781a69afa4985b0f6ee0e1afab2c6f454a8cf30e2b2237b6e"

[[package]]
name = "futures-task"
version = "0.3.28"
source = "registry+https://github.com/rust-lang/crates.io-index"
checksum = "76d3d132be6c0e6aa1534069c705a74a5997a356c0dc2f86a47765e5617c5b65"

[[package]]
name = "futures-util"
version = "0.3.28"
source = "registry+https://github.com/rust-lang/crates.io-index"
checksum = "26b01e40b772d54cf6c6d721c1d1abd0647a0106a12ecaa1c186273392a69533"
dependencies = [
 "futures-channel",
 "futures-core",
 "futures-io",
 "futures-sink",
 "futures-task",
 "memchr",
 "pin-project-lite",
 "pin-utils",
 "slab",
]

[[package]]
name = "generic-array"
version = "0.14.7"
source = "registry+https://github.com/rust-lang/crates.io-index"
checksum = "85649ca51fd72272d7821adaf274ad91c288277713d9c18820d8499a7ff69e9a"
dependencies = [
 "typenum",
 "version_check",
]

[[package]]
name = "gimli"
version = "0.27.3"
source = "registry+https://github.com/rust-lang/crates.io-index"
checksum = "b6c80984affa11d98d1b88b66ac8853f143217b399d3c74116778ff8fdb4ed2e"

[[package]]
name = "goblin"
version = "0.6.1"
source = "registry+https://github.com/rust-lang/crates.io-index"
checksum = "0d6b4de4a8eb6c46a8c77e1d3be942cb9a8bf073c22374578e5ba4b08ed0ff68"
dependencies = [
 "log",
 "plain",
 "scroll",
]

[[package]]
name = "iced-x86"
version = "1.19.0"
source = "registry+https://github.com/rust-lang/crates.io-index"
checksum = "b7cc8d38244d84278262c8ebe6930cc44283d194cbabae2651f6112103802fb5"
dependencies = [
 "lazy_static",
]

[[package]]
name = "itertools"
version = "0.8.2"
source = "registry+https://github.com/rust-lang/crates.io-index"
checksum = "f56a2d0bc861f9165be4eb3442afd3c236d8a98afd426f65d92324ae1091a484"
dependencies = [
 "either",
]

[[package]]
name = "konst"
version = "0.3.5"
source = "registry+https://github.com/rust-lang/crates.io-index"
checksum = "1d9a8bb6c7c71d151b25936b03e012a4c00daea99e3a3797c6ead66b0a0d55e2"
dependencies = [
 "const_panic",
 "konst_kernel",
 "typewit",
]

[[package]]
name = "konst_kernel"
version = "0.3.5"
source = "registry+https://github.com/rust-lang/crates.io-index"
checksum = "55d2ab266022e7309df89ed712bddc753e3a3c395c3ced1bb2e4470ec2a8146d"
dependencies = [
 "typewit",
]

[[package]]
name = "lazy_static"
version = "1.4.0"
source = "registry+https://github.com/rust-lang/crates.io-index"
checksum = "e2abad23fbc42b3700f2f279844dc832adb2b2eb069b2df918f455c4e18cc646"

[[package]]
name = "libc"
version = "0.2.147"
source = "registry+https://github.com/rust-lang/crates.io-index"
checksum = "b4668fb0ea861c1df094127ac5f1da3409a82116a4ba74fca2e58ef927159bb3"

[[package]]
name = "libudis86-sys"
version = "0.2.1"
source = "registry+https://github.com/rust-lang/crates.io-index"
checksum = "139bbf9ddb1bfc90c1ac64dd2923d9c957cd433cee7315c018125d72ab08a6b0"
dependencies = [
 "cc",
 "libc",
]

[[package]]
name = "log"
version = "0.4.19"
source = "registry+https://github.com/rust-lang/crates.io-index"
checksum = "b06a4cde4c0f271a446782e3eff8de789548ce57dbc8eca9292c27f4a42004b4"

[[package]]
name = "mach"
version = "0.3.2"
source = "registry+https://github.com/rust-lang/crates.io-index"
checksum = "b823e83b2affd8f40a9ee8c29dbc56404c1e34cd2710921f2801e2cf29527afa"
dependencies = [
 "libc",
]

[[package]]
name = "memchr"
version = "2.5.0"
source = "registry+https://github.com/rust-lang/crates.io-index"
checksum = "2dffe52ecf27772e601905b7522cb4ef790d2cc203488bbd0e2fe85fcb74566d"

[[package]]
name = "miniz_oxide"
version = "0.7.1"
source = "registry+https://github.com/rust-lang/crates.io-index"
checksum = "e7810e0be55b428ada41041c41f32c9f1a42817901b4ccf45fa3d4b6561e74c7"
dependencies = [
 "adler",
]

[[package]]
name = "mio"
version = "0.8.8"
source = "registry+https://github.com/rust-lang/crates.io-index"
checksum = "927a765cd3fc26206e66b296465fa9d3e5ab003e651c1b3c060e7956d96b19d2"
dependencies = [
 "libc",
 "wasi",
 "windows-sys",
]

[[package]]
name = "mmap-fixed-fixed"
version = "0.1.3"
source = "registry+https://github.com/rust-lang/crates.io-index"
checksum = "0681853891801e4763dc252e843672faf32bcfee27a0aa3b19733902af450acc"
dependencies = [
 "libc",
 "winapi",
]

[[package]]
name = "ntapi"
version = "0.4.1"
source = "registry+https://github.com/rust-lang/crates.io-index"
checksum = "e8a3895c6391c39d7fe7ebc444a87eb2991b2a0bc718fdabd071eec617fc68e4"
dependencies = [
 "winapi",
]

[[package]]
name = "num_enum"
version = "0.6.1"
source = "registry+https://github.com/rust-lang/crates.io-index"
checksum = "7a015b430d3c108a207fd776d2e2196aaf8b1cf8cf93253e3a097ff3085076a1"
dependencies = [
 "num_enum_derive",
]

[[package]]
name = "num_enum_derive"
version = "0.6.1"
source = "registry+https://github.com/rust-lang/crates.io-index"
checksum = "96667db765a921f7b295ffee8b60472b686a51d4f21c2ee4ffdb94c7013b65a6"
dependencies = [
 "proc-macro2",
 "quote",
 "syn 2.0.25",
]

[[package]]
name = "object"
version = "0.31.1"
source = "registry+https://github.com/rust-lang/crates.io-index"
checksum = "8bda667d9f2b5051b8833f59f3bf748b28ef54f850f4fcb389a252aa383866d1"
dependencies = [
 "memchr",
]

[[package]]
name = "once_cell"
version = "1.18.0"
source = "registry+https://github.com/rust-lang/crates.io-index"
checksum = "dd8b5dd2ae5ed71462c540258bedcb51965123ad7e7ccf4b9a8cafaa4a63576d"

[[package]]
name = "path-absolutize"
version = "3.1.0"
source = "registry+https://github.com/rust-lang/crates.io-index"
checksum = "43eb3595c63a214e1b37b44f44b0a84900ef7ae0b4c5efce59e123d246d7a0de"
dependencies = [
 "path-dedot",
]

[[package]]
name = "path-dedot"
version = "3.1.0"
source = "registry+https://github.com/rust-lang/crates.io-index"
checksum = "9d55e486337acb9973cdea3ec5638c1b3bcb22e573b2b7b41969e0c744d5a15e"
dependencies = [
 "once_cell",
]

[[package]]
name = "pin-project-lite"
version = "0.2.10"
source = "registry+https://github.com/rust-lang/crates.io-index"
checksum = "4c40d25201921e5ff0c862a505c6557ea88568a4e3ace775ab55e93f2f4f9d57"

[[package]]
name = "pin-utils"
version = "0.1.0"
source = "registry+https://github.com/rust-lang/crates.io-index"
checksum = "8b870d8c151b6f2fb93e84a13146138f05d02ed11c7e7c54f8826aaaf7c9f184"

[[package]]
name = "plain"
version = "0.2.3"
source = "registry+https://github.com/rust-lang/crates.io-index"
checksum = "b4596b6d070b27117e987119b4dac604f3c58cfb0b191112e24771b2faeac1a6"

[[package]]
name = "proc-macro2"
version = "1.0.64"
source = "registry+https://github.com/rust-lang/crates.io-index"
checksum = "78803b62cbf1f46fde80d7c0e803111524b9877184cfe7c3033659490ac7a7da"
dependencies = [
 "unicode-ident",
]

[[package]]
name = "quote"
version = "1.0.29"
source = "registry+https://github.com/rust-lang/crates.io-index"
checksum = "573015e8ab27661678357f27dc26460738fd2b6c86e46f386fde94cb5d913105"
dependencies = [
 "proc-macro2",
]

[[package]]
name = "regex"
version = "1.9.1"
source = "registry+https://github.com/rust-lang/crates.io-index"
checksum = "b2eae68fc220f7cf2532e4494aded17545fce192d59cd996e0fe7887f4ceb575"
dependencies = [
 "aho-corasick",
 "memchr",
 "regex-automata",
 "regex-syntax",
]

[[package]]
name = "regex-automata"
version = "0.3.2"
source = "registry+https://github.com/rust-lang/crates.io-index"
checksum = "83d3daa6976cffb758ec878f108ba0e062a45b2d6ca3a2cca965338855476caf"
dependencies = [
 "aho-corasick",
 "memchr",
 "regex-syntax",
]

[[package]]
name = "regex-syntax"
version = "0.7.3"
source = "registry+https://github.com/rust-lang/crates.io-index"
checksum = "2ab07dc67230e4a4718e70fd5c20055a4334b121f1f9db8fe63ef39ce9b8c846"

[[package]]
name = "region"
version = "3.0.0"
source = "registry+https://github.com/rust-lang/crates.io-index"
checksum = "76e189c2369884dce920945e2ddf79b3dff49e071a167dd1817fa9c4c00d512e"
dependencies = [
 "bitflags",
 "libc",
 "mach",
 "winapi",
]

[[package]]
name = "retour"
version = "0.3.0"
source = "registry+https://github.com/rust-lang/crates.io-index"
checksum = "c091a884038475413e20a0943594b68e8d1a48d18f78013d938cf31cae283066"
dependencies = [
 "cfg-if",
 "generic-array",
 "libc",
 "libudis86-sys",
 "mmap-fixed-fixed",
 "once_cell",
 "region",
 "slice-pool",
]

[[package]]
name = "rustc-demangle"
version = "0.1.23"
source = "registry+https://github.com/rust-lang/crates.io-index"
checksum = "d626bb9dae77e28219937af045c257c28bfd3f69333c512553507f5f9798cb76"

[[package]]
name = "same-file"
version = "1.0.6"
source = "registry+https://github.com/rust-lang/crates.io-index"
checksum = "93fc1dc3aaa9bfed95e02e6eadabb4baf7e3078b0bd1b4d7b6b0b68378900502"
dependencies = [
 "winapi-util",
]

[[package]]
name = "scroll"
version = "0.11.0"
source = "registry+https://github.com/rust-lang/crates.io-index"
checksum = "04c565b551bafbef4157586fa379538366e4385d42082f255bfd96e4fe8519da"
dependencies = [
 "scroll_derive",
]

[[package]]
name = "scroll_derive"
version = "0.11.1"
source = "registry+https://github.com/rust-lang/crates.io-index"
checksum = "1db149f81d46d2deba7cd3c50772474707729550221e69588478ebf9ada425ae"
dependencies = [
 "proc-macro2",
 "quote",
 "syn 2.0.25",
]

[[package]]
name = "serde"
version = "1.0.171"
source = "registry+https://github.com/rust-lang/crates.io-index"
checksum = "30e27d1e4fd7659406c492fd6cfaf2066ba8773de45ca75e855590f856dc34a9"

[[package]]
name = "shared"
version = "0.2.0"
dependencies = [
 "capnp",
 "capnpc",
 "cargo-emit",
 "enum-map",
 "regex",
]

[[package]]
name = "shrinkwraprs"
version = "0.3.0"
source = "registry+https://github.com/rust-lang/crates.io-index"
checksum = "e63e6744142336dfb606fe2b068afa2e1cca1ee6a5d8377277a92945d81fa331"
dependencies = [
 "bitflags",
 "itertools",
 "proc-macro2",
 "quote",
 "syn 1.0.109",
]

[[package]]
name = "slab"
version = "0.4.8"
source = "registry+https://github.com/rust-lang/crates.io-index"
checksum = "6528351c9bc8ab22353f9d776db39a20288e8d6c37ef8cfe3317cf875eecfc2d"
dependencies = [
 "autocfg",
]

[[package]]
name = "slice-pool"
version = "0.4.1"
source = "registry+https://github.com/rust-lang/crates.io-index"
checksum = "733fc6e5f1bd3a8136f842c9bdea4e5f17c910c2fcc98c90c3aa7604ef5e2e7a"

[[package]]
name = "socket2"
version = "0.4.9"
source = "registry+https://github.com/rust-lang/crates.io-index"
checksum = "64a4a911eed85daf18834cfaa86a79b7d266ff93ff5ba14005426219480ed662"
dependencies = [
 "libc",
 "winapi",
]

[[package]]
name = "stopwatch2"
version = "2.0.0"
source = "registry+https://github.com/rust-lang/crates.io-index"
checksum = "911ece10388afa48417f99e01df038460b6249a3ee0255f6446a6881b702fbb4"

[[package]]
name = "syn"
version = "1.0.109"
source = "registry+https://github.com/rust-lang/crates.io-index"
checksum = "72b64191b275b66ffe2469e8af2c1cfe3bafa67b529ead792a6d0160888b4237"
dependencies = [
 "proc-macro2",
 "quote",
 "unicode-ident",
]

[[package]]
name = "syn"
version = "2.0.25"
source = "registry+https://github.com/rust-lang/crates.io-index"
checksum = "15e3fc8c0c74267e2df136e5e5fb656a464158aa57624053375eb9c8c6e25ae2"
dependencies = [
 "proc-macro2",
 "quote",
 "unicode-ident",
]

[[package]]
name = "sysinfo"
version = "0.29.4"
source = "registry+https://github.com/rust-lang/crates.io-index"
checksum = "751e810399bba86e9326f5762b7f32ac5a085542df78da6a78d94e07d14d7c11"
dependencies = [
 "cfg-if",
 "core-foundation-sys",
 "libc",
 "ntapi",
 "once_cell",
 "winapi",
]

[[package]]
name = "thiserror"
version = "1.0.43"
source = "registry+https://github.com/rust-lang/crates.io-index"
checksum = "a35fc5b8971143ca348fa6df4f024d4d55264f3468c71ad1c2f365b0a4d58c42"
dependencies = [
 "thiserror-impl",
]

[[package]]
name = "thiserror-impl"
version = "1.0.43"
source = "registry+https://github.com/rust-lang/crates.io-index"
checksum = "463fe12d7993d3b327787537ce8dd4dfa058de32fc2b195ef3cde03dc4771e8f"
dependencies = [
 "proc-macro2",
 "quote",
 "syn 2.0.25",
]

[[package]]
name = "tokio"
version = "1.29.1"
source = "registry+https://github.com/rust-lang/crates.io-index"
checksum = "532826ff75199d5833b9d2c5fe410f29235e25704ee5f0ef599fb51c21f4a4da"
dependencies = [
 "autocfg",
 "backtrace",
 "libc",
 "mio",
 "pin-project-lite",
 "socket2",
 "tokio-macros",
 "windows-sys",
]

[[package]]
name = "tokio-macros"
version = "2.1.0"
source = "registry+https://github.com/rust-lang/crates.io-index"
checksum = "630bdcf245f78637c13ec01ffae6187cca34625e8c63150d424b59e55af2675e"
dependencies = [
 "proc-macro2",
 "quote",
 "syn 2.0.25",
]

[[package]]
name = "tokio-util"
version = "0.7.8"
source = "registry+https://github.com/rust-lang/crates.io-index"
checksum = "806fe8c2c87eccc8b3267cbae29ed3ab2d0bd37fca70ab622e46aaa9375ddb7d"
dependencies = [
 "bytes",
 "futures-core",
 "futures-io",
 "futures-sink",
 "pin-project-lite",
 "tokio",
]

[[package]]
name = "typenum"
version = "1.16.0"
source = "registry+https://github.com/rust-lang/crates.io-index"
checksum = "497961ef93d974e23eb6f433eb5fe1b7930b659f06d12dec6fc44a8f554c0bba"

[[package]]
name = "typewit"
version = "1.4.0"
source = "registry+https://github.com/rust-lang/crates.io-index"
checksum = "4061a10d4d8f3081a8ccc025182afd8434302d8d4b4503ec6d8510d09df08c2d"

[[package]]
name = "u16cstr"
version = "0.4.0"
source = "registry+https://github.com/rust-lang/crates.io-index"
checksum = "d2f9527d7b5b2bf503a8eafe1e4c16944c95e8455ce4b5be9e78be7f290ad581"
dependencies = [
 "wchar",
 "widestring",
]

[[package]]
name = "unicode-ident"
version = "1.0.10"
source = "registry+https://github.com/rust-lang/crates.io-index"
checksum = "22049a19f4a68748a168c0fc439f9516686aa045927ff767eca0a85101fb6e73"

[[package]]
name = "version_check"
version = "0.9.4"
source = "registry+https://github.com/rust-lang/crates.io-index"
checksum = "49874b5167b65d7193b8aba1567f5c7d93d001cafc34600cee003eda787e483f"

[[package]]
name = "wasi"
version = "0.11.0+wasi-snapshot-preview1"
source = "registry+https://github.com/rust-lang/crates.io-index"
checksum = "9c8d87e72b64a3b4db28d11ce29237c246188f4f51057d65a7eab63b7987e423"

[[package]]
name = "wchar"
version = "0.11.0"
source = "registry+https://github.com/rust-lang/crates.io-index"
checksum = "e1ca6ea80317e76471c3aa6d47efb151ef04538960ab810845a1c854f5cd7d8c"
dependencies = [
 "wchar-impl",
]

[[package]]
name = "wchar-impl"
version = "0.11.0"
source = "registry+https://github.com/rust-lang/crates.io-index"
checksum = "075c93156fed21f9dab57af5e81604d0fdb67432c919a8c1f78bb979f06a3d25"
dependencies = [
 "proc-macro2",
 "quote",
 "syn 1.0.109",
]

[[package]]
name = "widestring"
version = "1.0.2"
source = "registry+https://github.com/rust-lang/crates.io-index"
checksum = "653f141f39ec16bba3c5abe400a0c60da7468261cc2cbf36805022876bc721a8"

[[package]]
name = "winapi"
version = "0.3.9"
source = "registry+https://github.com/rust-lang/crates.io-index"
checksum = "5c839a674fcd7a98952e593242ea400abe93992746761e38641405d28b00f419"
dependencies = [
 "winapi-i686-pc-windows-gnu",
 "winapi-x86_64-pc-windows-gnu",
]

[[package]]
name = "winapi-i686-pc-windows-gnu"
version = "0.4.0"
source = "registry+https://github.com/rust-lang/crates.io-index"
checksum = "ac3b87c63620426dd9b991e5ce0329eff545bccbbb34f3be09ff6fb6ab51b7b6"

[[package]]
name = "winapi-util"
version = "0.1.5"
source = "registry+https://github.com/rust-lang/crates.io-index"
checksum = "70ec6ce85bb158151cae5e5c87f95a8e97d2c0c4b001223f33a334e3ce5de178"
dependencies = [
 "winapi",
]

[[package]]
name = "winapi-x86_64-pc-windows-gnu"
version = "0.4.0"
source = "registry+https://github.com/rust-lang/crates.io-index"
checksum = "712e227841d057c1ee1cd2fb22fa7e5a5461ae8e48fa2ca79ec42cfc1931183f"

[[package]]
name = "windows-sys"
version = "0.48.0"
source = "registry+https://github.com/rust-lang/crates.io-index"
checksum = "677d2418bec65e3338edb076e806bc1ec15693c5d0104683f2efe857f61056a9"
dependencies = [
 "windows-targets",
]

[[package]]
name = "windows-targets"
version = "0.48.1"
source = "registry+https://github.com/rust-lang/crates.io-index"
checksum = "05d4b17490f70499f20b9e791dcf6a299785ce8af4d709018206dc5b4953e95f"
dependencies = [
 "windows_aarch64_gnullvm",
 "windows_aarch64_msvc",
 "windows_i686_gnu",
 "windows_i686_msvc",
 "windows_x86_64_gnu",
 "windows_x86_64_gnullvm",
 "windows_x86_64_msvc",
]

[[package]]
name = "windows_aarch64_gnullvm"
version = "0.48.0"
source = "registry+https://github.com/rust-lang/crates.io-index"
checksum = "91ae572e1b79dba883e0d315474df7305d12f569b400fcf90581b06062f7e1bc"

[[package]]
name = "windows_aarch64_msvc"
version = "0.48.0"
source = "registry+https://github.com/rust-lang/crates.io-index"
checksum = "b2ef27e0d7bdfcfc7b868b317c1d32c641a6fe4629c171b8928c7b08d98d7cf3"

[[package]]
name = "windows_i686_gnu"
version = "0.48.0"
source = "registry+https://github.com/rust-lang/crates.io-index"
checksum = "622a1962a7db830d6fd0a69683c80a18fda201879f0f447f065a3b7467daa241"

[[package]]
name = "windows_i686_msvc"
version = "0.48.0"
source = "registry+https://github.com/rust-lang/crates.io-index"
checksum = "4542c6e364ce21bf45d69fdd2a8e455fa38d316158cfd43b3ac1c5b1b19f8e00"

[[package]]
name = "windows_x86_64_gnu"
version = "0.48.0"
source = "registry+https://github.com/rust-lang/crates.io-index"
checksum = "ca2b8a661f7628cbd23440e50b05d705db3686f894fc9580820623656af974b1"

[[package]]
name = "windows_x86_64_gnullvm"
version = "0.48.0"
source = "registry+https://github.com/rust-lang/crates.io-index"
checksum = "7896dbc1f41e08872e9d5e8f8baa8fdd2677f29468c4e156210174edc7f7b953"

[[package]]
name = "windows_x86_64_msvc"
version = "0.48.0"
source = "registry+https://github.com/rust-lang/crates.io-index"
checksum = "1a515f5799fe4961cb532f983ce2b23082366b898e52ffbce459c86f67c8378a"
