# This file is automatically @generated by Cargo.
# It is not intended for manual editing.
version = 4

[[package]]
name = "aho-corasick"
version = "1.1.4"
source = "registry+https://github.com/rust-lang/crates.io-index"
checksum = "ddd31a130427c27518df266943a5308ed92d4b226cc639f5a8f1002816174301"
dependencies = [
 "memchr",
]

[[package]]
name = "arc-swap"
version = "1.7.1"
source = "registry+https://github.com/rust-lang/crates.io-index"
checksum = "69f7f8c3906b62b754cd5326047894316021dcfe5a194c8ea52bdd94934a3457"

[[package]]
name = "bincode"
version = "2.0.1"
source = "registry+https://github.com/rust-lang/crates.io-index"
checksum = "36eaf5d7b090263e8150820482d5d93cd964a81e4019913c972f4edcc6edb740"
dependencies = [
 "serde",
 "unty",
]

[[package]]
name = "bitflags"
version = "1.3.2"
source = "registry+https://github.com/rust-lang/crates.io-index"
checksum = "bef38d45163c2f1dde094a7dfd33ccf595c92905c8f8f4fdc18d06fb1037718a"

[[package]]
name = "bitflags"
version = "2.10.0"
source = "registry+https://github.com/rust-lang/crates.io-index"
checksum = "812e12b5285cc515a9c72a5c1d3b6d46a19dac5acfef5265968c166106e31dd3"

[[package]]
name = "burnt-sushi-blocker"
version = "0.3.2"
dependencies = [
 "arc-swap",
 "capnp",
 "capnp-rpc",
 "dll-syringe",
 "enum-map",
 "futures",
 "regex",
 "retour",
 "shared",
 "tokio",
 "tokio-util",
 "winapi",
]

[[package]]
name = "bytes"
version = "1.11.0"
source = "registry+https://github.com/rust-lang/crates.io-index"
checksum = "b35204fbdc0b3f4446b89fc1ac2cf84a8a68971995d0bf2e925ec7cd960f9cb3"

[[package]]
name = "capnp"
version = "0.23.0"
source = "registry+https://github.com/rust-lang/crates.io-index"
checksum = "bbffb6e69e1ea2cf518ac5037a78a223ecb82b4ac81e7ab33cb5211b43d712ac"
dependencies = [
 "embedded-io",
]

[[package]]
name = "capnp-futures"
version = "0.23.0"
source = "registry+https://github.com/rust-lang/crates.io-index"
checksum = "a5ba7ae93ff689252798d8c71274512738ac2f3993da2adc961aa7441d2a27e6"
dependencies = [
 "capnp",
 "futures-channel",
 "futures-util",
]

[[package]]
name = "capnp-rpc"
version = "0.23.0"
source = "registry+https://github.com/rust-lang/crates.io-index"
checksum = "c263a9de8bfe8a151e30f6d32e620483dcdca4ed8fed6913be9bd9803cbd4e5e"
dependencies = [
 "capnp",
 "capnp-futures",
 "futures",
]

[[package]]
name = "capnpc"
version = "0.23.2"
source = "registry+https://github.com/rust-lang/crates.io-index"
checksum = "3f1cd4f042d6725da6245bde08c9e7c74f6fcb2d8bd5e0378e57991be8d711d8"
dependencies = [
 "capnp",
]

[[package]]
name = "cargo-emit"
version = "0.2.1"
source = "registry+https://github.com/rust-lang/crates.io-index"
checksum = "1582e1c9e755dd6ad6b224dcffb135d199399a4568d454bd89fe515ca8425695"

[[package]]
name = "cc"
version = "1.2.49"
source = "registry+https://github.com/rust-lang/crates.io-index"
checksum = "90583009037521a116abf44494efecd645ba48b6622457080f080b85544e2215"
dependencies = [
 "find-msvc-tools",
 "shlex",
]

[[package]]
name = "cfg-if"
version = "1.0.4"
source = "registry+https://github.com/rust-lang/crates.io-index"
checksum = "9330f8b2ff13f34540b44e946ef35111825727b38d33286ef986142615121801"

[[package]]
name = "const_panic"
version = "0.2.15"
source = "registry+https://github.com/rust-lang/crates.io-index"
checksum = "e262cdaac42494e3ae34c43969f9cdeb7da178bdb4b66fa6a1ea2edb4c8ae652"
dependencies = [
 "typewit",
]

[[package]]
name = "dll-syringe"
version = "0.17.1"
source = "registry+https://github.com/rust-lang/crates.io-index"
checksum = "a7048876a2194fb2f949fc7e99bf0adc7c32acebb83e99c719658a0f08b28b6c"
dependencies = [
 "bincode",
 "dll-syringe-macros",
 "goblin",
 "iced-x86",
 "konst",
 "num_enum",
 "path-absolutize",
 "same-file",
 "serde",
 "shrinkwraprs",
 "stopwatch2",
 "sysinfo",
 "thiserror",
 "widestring",
 "winapi",
]

[[package]]
name = "dll-syringe-macros"
version = "0.1.0"
source = "registry+https://github.com/rust-lang/crates.io-index"
checksum = "3a52aadbd0973e4db2d0781f869c38794ffa03dde3b46eb2fc302a7e6feb5103"
dependencies = [
 "quote",
 "syn 2.0.111",
]

[[package]]
name = "either"
version = "1.15.0"
source = "registry+https://github.com/rust-lang/crates.io-index"
checksum = "48c757948c5ede0e46177b7add2e67155f70e33c07fea8284df6576da70b3719"

[[package]]
name = "embedded-io"
version = "0.7.1"
source = "registry+https://github.com/rust-lang/crates.io-index"
checksum = "9eb1aa714776b75c7e67e1da744b81a129b3ff919c8712b5e1b32252c1f07cc7"

[[package]]
name = "enum-map"
version = "2.7.3"
source = "registry+https://github.com/rust-lang/crates.io-index"
checksum = "6866f3bfdf8207509a033af1a75a7b08abda06bbaaeae6669323fd5a097df2e9"
dependencies = [
 "enum-map-derive",
]

[[package]]
name = "enum-map-derive"
version = "0.17.0"
source = "registry+https://github.com/rust-lang/crates.io-index"
checksum = "f282cfdfe92516eb26c2af8589c274c7c17681f5ecc03c18255fe741c6aa64eb"
dependencies = [
 "proc-macro2",
 "quote",
 "syn 2.0.111",
]

[[package]]
name = "find-msvc-tools"
version = "0.1.5"
source = "registry+https://github.com/rust-lang/crates.io-index"
checksum = "3a3076410a55c90011c298b04d0cfa770b00fa04e1e3c97d3f6c9de105a03844"

[[package]]
name = "futures"
version = "0.3.31"
source = "registry+https://github.com/rust-lang/crates.io-index"
checksum = "65bc07b1a8bc7c85c5f2e110c476c7389b4554ba72af57d8445ea63a576b0876"
dependencies = [
 "futures-channel",
 "futures-core",
 "futures-io",
 "futures-sink",
 "futures-task",
 "futures-util",
]

[[package]]
name = "futures-channel"
version = "0.3.31"
source = "registry+https://github.com/rust-lang/crates.io-index"
checksum = "2dff15bf788c671c1934e366d07e30c1814a8ef514e1af724a602e8a2fbe1b10"
dependencies = [
 "futures-core",
 "futures-sink",
]

[[package]]
name = "futures-core"
version = "0.3.31"
source = "registry+https://github.com/rust-lang/crates.io-index"
checksum = "05f29059c0c2090612e8d742178b0580d2dc940c837851ad723096f87af6663e"

[[package]]
name = "futures-io"
version = "0.3.31"
source = "registry+https://github.com/rust-lang/crates.io-index"
checksum = "9e5c1b78ca4aae1ac06c48a526a655760685149f0d465d21f37abfe57ce075c6"

[[package]]
name = "futures-sink"
version = "0.3.31"
source = "registry+https://github.com/rust-lang/crates.io-index"
checksum = "e575fab7d1e0dcb8d0c7bcf9a63ee213816ab51902e6d244a95819acacf1d4f7"

[[package]]
name = "futures-task"
version = "0.3.31"
source = "registry+https://github.com/rust-lang/crates.io-index"
checksum = "f90f7dce0722e95104fcb095585910c0977252f286e354b5e3bd38902cd99988"

[[package]]
name = "futures-util"
version = "0.3.31"
source = "registry+https://github.com/rust-lang/crates.io-index"
checksum = "9fa08315bb612088cc391249efdc3bc77536f16c91f6cf495e6fbe85b20a4a81"
dependencies = [
 "futures-channel",
 "futures-core",
 "futures-io",
 "futures-sink",
 "futures-task",
 "memchr",
 "pin-project-lite",
 "pin-utils",
 "slab",
]

[[package]]
name = "generic-array"
version = "0.14.9"
source = "registry+https://github.com/rust-lang/crates.io-index"
checksum = "4bb6743198531e02858aeaea5398fcc883e71851fcbcb5a2f773e2fb6cb1edf2"
dependencies = [
 "typenum",
 "version_check",
]

[[package]]
name = "goblin"
version = "0.10.4"
source = "registry+https://github.com/rust-lang/crates.io-index"
checksum = "4db6758c546e6f81f265638c980e5e84dfbda80cfd8e89e02f83454c8e8124bd"
dependencies = [
 "log",
 "plain",
 "scroll",
]

[[package]]
name = "iced-x86"
version = "1.21.0"
source = "registry+https://github.com/rust-lang/crates.io-index"
checksum = "7c447cff8c7f384a7d4f741cfcff32f75f3ad02b406432e8d6c878d56b1edf6b"
dependencies = [
 "lazy_static",
]

[[package]]
name = "itertools"
version = "0.8.2"
source = "registry+https://github.com/rust-lang/crates.io-index"
checksum = "f56a2d0bc861f9165be4eb3442afd3c236d8a98afd426f65d92324ae1091a484"
dependencies = [
 "either",
]

[[package]]
name = "konst"
version = "0.4.3"
source = "registry+https://github.com/rust-lang/crates.io-index"
checksum = "f660d5f887e3562f9ab6f4a14988795b694099d66b4f5dedc02d197ba9becb1d"
dependencies = [
 "const_panic",
 "typewit",
]

[[package]]
name = "lazy_static"
version = "1.5.0"
source = "registry+https://github.com/rust-lang/crates.io-index"
checksum = "bbd2bcb4c963f2ddae06a2efc7e9f3591312473c50c6685e1f298068316e66fe"

[[package]]
name = "libc"
version = "0.2.178"
source = "registry+https://github.com/rust-lang/crates.io-index"
checksum = "37c93d8daa9d8a012fd8ab92f088405fb202ea0b6ab73ee2482ae66af4f42091"

[[package]]
name = "libudis86-sys"
version = "0.2.1"
source = "registry+https://github.com/rust-lang/crates.io-index"
checksum = "139bbf9ddb1bfc90c1ac64dd2923d9c957cd433cee7315c018125d72ab08a6b0"
dependencies = [
 "cc",
 "libc",
]

[[package]]
name = "log"
version = "0.4.29"
source = "registry+https://github.com/rust-lang/crates.io-index"
checksum = "5e5032e24019045c762d3c0f28f5b6b8bbf38563a65908389bf7978758920897"

[[package]]
name = "mach2"
version = "0.4.3"
source = "registry+https://github.com/rust-lang/crates.io-index"
checksum = "d640282b302c0bb0a2a8e0233ead9035e3bed871f0b7e81fe4a1ec829765db44"
dependencies = [
 "libc",
]

[[package]]
name = "memchr"
version = "2.7.6"
source = "registry+https://github.com/rust-lang/crates.io-index"
checksum = "f52b00d39961fc5b2736ea853c9cc86238e165017a493d1d5c8eac6bdc4cc273"

[[package]]
name = "mio"
version = "1.1.1"
source = "registry+https://github.com/rust-lang/crates.io-index"
checksum = "a69bcab0ad47271a0234d9422b131806bf3968021e5dc9328caf2d4cd58557fc"
dependencies = [
 "libc",
 "wasi",
 "windows-sys 0.61.2",
]

[[package]]
name = "mmap-fixed-fixed"
version = "0.1.3"
source = "registry+https://github.com/rust-lang/crates.io-index"
checksum = "0681853891801e4763dc252e843672faf32bcfee27a0aa3b19733902af450acc"
dependencies = [
 "libc",
 "winapi",
]

[[package]]
name = "ntapi"
version = "0.4.1"
source = "registry+https://github.com/rust-lang/crates.io-index"
checksum = "e8a3895c6391c39d7fe7ebc444a87eb2991b2a0bc718fdabd071eec617fc68e4"
dependencies = [
 "winapi",
]

[[package]]
name = "num_enum"
version = "0.7.5"
source = "registry+https://github.com/rust-lang/crates.io-index"
checksum = "b1207a7e20ad57b847bbddc6776b968420d38292bbfe2089accff5e19e82454c"
dependencies = [
 "num_enum_derive",
 "rustversion",
]

[[package]]
name = "num_enum_derive"
version = "0.7.5"
source = "registry+https://github.com/rust-lang/crates.io-index"
checksum = "ff32365de1b6743cb203b710788263c44a03de03802daf96092f2da4fe6ba4d7"
dependencies = [
 "proc-macro2",
 "quote",
 "syn 2.0.111",
]

[[package]]
name = "objc2-core-foundation"
version = "0.3.2"
source = "registry+https://github.com/rust-lang/crates.io-index"
checksum = "2a180dd8642fa45cdb7dd721cd4c11b1cadd4929ce112ebd8b9f5803cc79d536"
dependencies = [
 "bitflags 2.10.0",
]

[[package]]
name = "objc2-io-kit"
version = "0.3.2"
source = "registry+https://github.com/rust-lang/crates.io-index"
checksum = "33fafba39597d6dc1fb709123dfa8289d39406734be322956a69f0931c73bb15"
dependencies = [
 "libc",
 "objc2-core-foundation",
]

[[package]]
name = "once_cell"
version = "1.21.3"
source = "registry+https://github.com/rust-lang/crates.io-index"
checksum = "42f5e15c9953c5e4ccceeb2e7382a716482c34515315f7b03532b8b4e8393d2d"

[[package]]
name = "path-absolutize"
version = "3.1.1"
source = "registry+https://github.com/rust-lang/crates.io-index"
checksum = "e4af381fe79fa195b4909485d99f73a80792331df0625188e707854f0b3383f5"
dependencies = [
 "path-dedot",
]

[[package]]
name = "path-dedot"
version = "3.1.1"
source = "registry+https://github.com/rust-lang/crates.io-index"
checksum = "07ba0ad7e047712414213ff67533e6dd477af0a4e1d14fb52343e53d30ea9397"
dependencies = [
 "once_cell",
]

[[package]]
name = "pin-project-lite"
version = "0.2.16"
source = "registry+https://github.com/rust-lang/crates.io-index"
checksum = "3b3cff922bd51709b605d9ead9aa71031d81447142d828eb4a6eba76fe619f9b"

[[package]]
name = "pin-utils"
version = "0.1.0"
source = "registry+https://github.com/rust-lang/crates.io-index"
checksum = "8b870d8c151b6f2fb93e84a13146138f05d02ed11c7e7c54f8826aaaf7c9f184"

[[package]]
name = "plain"
version = "0.2.3"
source = "registry+https://github.com/rust-lang/crates.io-index"
checksum = "b4596b6d070b27117e987119b4dac604f3c58cfb0b191112e24771b2faeac1a6"

[[package]]
name = "proc-macro2"
version = "1.0.103"
source = "registry+https://github.com/rust-lang/crates.io-index"
checksum = "5ee95bc4ef87b8d5ba32e8b7714ccc834865276eab0aed5c9958d00ec45f49e8"
dependencies = [
 "unicode-ident",
]

[[package]]
name = "quote"
version = "1.0.42"
source = "registry+https://github.com/rust-lang/crates.io-index"
checksum = "a338cc41d27e6cc6dce6cefc13a0729dfbb81c262b1f519331575dd80ef3067f"
dependencies = [
 "proc-macro2",
]

[[package]]
name = "regex"
version = "1.12.2"
source = "registry+https://github.com/rust-lang/crates.io-index"
checksum = "843bc0191f75f3e22651ae5f1e72939ab2f72a4bc30fa80a066bd66edefc24d4"
dependencies = [
 "aho-corasick",
 "memchr",
 "regex-automata",
 "regex-syntax",
]

[[package]]
name = "regex-automata"
version = "0.4.13"
source = "registry+https://github.com/rust-lang/crates.io-index"
checksum = "5276caf25ac86c8d810222b3dbb938e512c55c6831a10f3e6ed1c93b84041f1c"
dependencies = [
 "aho-corasick",
 "memchr",
 "regex-syntax",
]

[[package]]
name = "regex-syntax"
version = "0.8.8"
source = "registry+https://github.com/rust-lang/crates.io-index"
checksum = "7a2d987857b319362043e95f5353c0535c1f58eec5336fdfcf626430af7def58"

[[package]]
name = "region"
version = "3.0.2"
source = "registry+https://github.com/rust-lang/crates.io-index"
checksum = "e6b6ebd13bc009aef9cd476c1310d49ac354d36e240cf1bd753290f3dc7199a7"
dependencies = [
 "bitflags 1.3.2",
 "libc",
 "mach2",
 "windows-sys 0.52.0",
]

[[package]]
name = "retour"
version = "0.3.1"
source = "registry+https://github.com/rust-lang/crates.io-index"
checksum = "a9af44d40e2400b44d491bfaf8eae111b09f23ac4de6e92728e79d93e699c527"
dependencies = [
 "cfg-if",
 "generic-array",
 "libc",
 "libudis86-sys",
 "mmap-fixed-fixed",
 "once_cell",
 "region",
 "slice-pool2",
]

[[package]]
name = "rustversion"
version = "1.0.22"
source = "registry+https://github.com/rust-lang/crates.io-index"
checksum = "b39cdef0fa800fc44525c84ccb54a029961a8215f9619753635a9c0d2538d46d"

[[package]]
name = "same-file"
version = "1.0.6"
source = "registry+https://github.com/rust-lang/crates.io-index"
checksum = "93fc1dc3aaa9bfed95e02e6eadabb4baf7e3078b0bd1b4d7b6b0b68378900502"
dependencies = [
 "winapi-util",
]

[[package]]
name = "scroll"
version = "0.13.0"
source = "registry+https://github.com/rust-lang/crates.io-index"
checksum = "c1257cd4248b4132760d6524d6dda4e053bc648c9070b960929bf50cfb1e7add"
dependencies = [
 "scroll_derive",
]

[[package]]
name = "scroll_derive"
version = "0.13.1"
source = "registry+https://github.com/rust-lang/crates.io-index"
checksum = "ed76efe62313ab6610570951494bdaa81568026e0318eaa55f167de70eeea67d"
dependencies = [
 "proc-macro2",
 "quote",
 "syn 2.0.111",
]

[[package]]
name = "serde"
version = "1.0.228"
source = "registry+https://github.com/rust-lang/crates.io-index"
checksum = "9a8e94ea7f378bd32cbbd37198a4a91436180c5bb472411e48b5ec2e2124ae9e"
dependencies = [
 "serde_core",
]

[[package]]
name = "serde_core"
version = "1.0.228"
source = "registry+https://github.com/rust-lang/crates.io-index"
checksum = "41d385c7d4ca58e59fc732af25c3983b67ac852c1a25000afe1175de458b67ad"
dependencies = [
 "serde_derive",
]

[[package]]
name = "serde_derive"
version = "1.0.228"
source = "registry+https://github.com/rust-lang/crates.io-index"
checksum = "d540f220d3187173da220f885ab66608367b6574e925011a9353e4badda91d79"
dependencies = [
 "proc-macro2",
 "quote",
 "syn 2.0.111",
]

[[package]]
name = "shared"
version = "0.3.2"
dependencies = [
 "capnp",
 "capnpc",
 "cargo-emit",
 "enum-map",
 "regex",
]

[[package]]
name = "shlex"
version = "1.3.0"
source = "registry+https://github.com/rust-lang/crates.io-index"
checksum = "0fda2ff0d084019ba4d7c6f371c95d8fd75ce3524c3cb8fb653a3023f6323e64"

[[package]]
name = "shrinkwraprs"
version = "0.3.0"
source = "registry+https://github.com/rust-lang/crates.io-index"
checksum = "e63e6744142336dfb606fe2b068afa2e1cca1ee6a5d8377277a92945d81fa331"
dependencies = [
 "bitflags 1.3.2",
 "itertools",
 "proc-macro2",
 "quote",
 "syn 1.0.109",
]

[[package]]
name = "slab"
version = "0.4.11"
source = "registry+https://github.com/rust-lang/crates.io-index"
checksum = "7a2ae44ef20feb57a68b23d846850f861394c2e02dc425a50098ae8c90267589"

[[package]]
name = "slice-pool2"
version = "0.4.3"
source = "registry+https://github.com/rust-lang/crates.io-index"
checksum = "7a3d689654af89bdfeba29a914ab6ac0236d382eb3b764f7454dde052f2821f8"

[[package]]
name = "socket2"
version = "0.6.1"
source = "registry+https://github.com/rust-lang/crates.io-index"
checksum = "17129e116933cf371d018bb80ae557e889637989d8638274fb25622827b03881"
dependencies = [
 "libc",
 "windows-sys 0.60.2",
]

[[package]]
name = "stopwatch2"
version = "2.0.0"
source = "registry+https://github.com/rust-lang/crates.io-index"
checksum = "911ece10388afa48417f99e01df038460b6249a3ee0255f6446a6881b702fbb4"

[[package]]
name = "syn"
version = "1.0.109"
source = "registry+https://github.com/rust-lang/crates.io-index"
checksum = "72b64191b275b66ffe2469e8af2c1cfe3bafa67b529ead792a6d0160888b4237"
dependencies = [
 "proc-macro2",
 "quote",
 "unicode-ident",
]

[[package]]
name = "syn"
version = "2.0.111"
source = "registry+https://github.com/rust-lang/crates.io-index"
checksum = "390cc9a294ab71bdb1aa2e99d13be9c753cd2d7bd6560c77118597410c4d2e87"
dependencies = [
 "proc-macro2",
 "quote",
 "unicode-ident",
]

[[package]]
name = "sysinfo"
version = "0.37.2"
source = "registry+https://github.com/rust-lang/crates.io-index"
checksum = "16607d5caffd1c07ce073528f9ed972d88db15dd44023fa57142963be3feb11f"
dependencies = [
 "libc",
 "memchr",
 "ntapi",
 "objc2-core-foundation",
 "objc2-io-kit",
 "windows",
]

[[package]]
name = "thiserror"
version = "2.0.17"
source = "registry+https://github.com/rust-lang/crates.io-index"
checksum = "f63587ca0f12b72a0600bcba1d40081f830876000bb46dd2337a3051618f4fc8"
dependencies = [
 "thiserror-impl",
]

[[package]]
name = "thiserror-impl"
version = "2.0.17"
source = "registry+https://github.com/rust-lang/crates.io-index"
checksum = "3ff15c8ecd7de3849db632e14d18d2571fa09dfc5ed93479bc4485c7a517c913"
dependencies = [
 "proc-macro2",
 "quote",
 "syn 2.0.111",
]

[[package]]
name = "tokio"
version = "1.48.0"
source = "registry+https://github.com/rust-lang/crates.io-index"
checksum = "ff360e02eab121e0bc37a2d3b4d4dc622e6eda3a8e5253d5435ecf5bd4c68408"
dependencies = [
 "libc",
 "mio",
 "pin-project-lite",
 "socket2",
 "tokio-macros",
 "windows-sys 0.61.2",
]

[[package]]
name = "tokio-macros"
version = "2.6.0"
source = "registry+https://github.com/rust-lang/crates.io-index"
checksum = "af407857209536a95c8e56f8231ef2c2e2aff839b22e07a1ffcbc617e9db9fa5"
dependencies = [
 "proc-macro2",
 "quote",
 "syn 2.0.111",
]

[[package]]
name = "tokio-util"
version = "0.7.17"
source = "registry+https://github.com/rust-lang/crates.io-index"
checksum = "2efa149fe76073d6e8fd97ef4f4eca7b67f599660115591483572e406e165594"
dependencies = [
 "bytes",
 "futures-core",
 "futures-io",
 "futures-sink",
 "pin-project-lite",
 "tokio",
]

[[package]]
name = "typenum"
version = "1.19.0"
source = "registry+https://github.com/rust-lang/crates.io-index"
checksum = "562d481066bde0658276a35467c4af00bdc6ee726305698a55b86e61d7ad82bb"

[[package]]
name = "typewit"
version = "1.14.2"
source = "registry+https://github.com/rust-lang/crates.io-index"
checksum = "f8c1ae7cc0fdb8b842d65d127cb981574b0d2b249b74d1c7a2986863dc134f71"

[[package]]
name = "unicode-ident"
version = "1.0.22"
source = "registry+https://github.com/rust-lang/crates.io-index"
checksum = "9312f7c4f6ff9069b165498234ce8be658059c6728633667c526e27dc2cf1df5"

[[package]]
name = "unty"
version = "0.0.4"
source = "registry+https://github.com/rust-lang/crates.io-index"
checksum = "6d49784317cd0d1ee7ec5c716dd598ec5b4483ea832a2dced265471cc0f690ae"

[[package]]
name = "version_check"
version = "0.9.5"
source = "registry+https://github.com/rust-lang/crates.io-index"
checksum = "0b928f33d975fc6ad9f86c8f283853ad26bdd5b10b7f1542aa2fa15e2289105a"

[[package]]
name = "wasi"
version = "0.11.1+wasi-snapshot-preview1"
source = "registry+https://github.com/rust-lang/crates.io-index"
checksum = "ccf3ec651a847eb01de73ccad15eb7d99f80485de043efb2f370cd654f4ea44b"

[[package]]
name = "widestring"
version = "1.2.1"
source = "registry+https://github.com/rust-lang/crates.io-index"
checksum = "72069c3113ab32ab29e5584db3c6ec55d416895e60715417b5b883a357c3e471"

[[package]]
name = "winapi"
version = "0.3.9"
source = "registry+https://github.com/rust-lang/crates.io-index"
checksum = "5c839a674fcd7a98952e593242ea400abe93992746761e38641405d28b00f419"
dependencies = [
 "winapi-i686-pc-windows-gnu",
 "winapi-x86_64-pc-windows-gnu",
]

[[package]]
name = "winapi-i686-pc-windows-gnu"
version = "0.4.0"
source = "registry+https://github.com/rust-lang/crates.io-index"
checksum = "ac3b87c63620426dd9b991e5ce0329eff545bccbbb34f3be09ff6fb6ab51b7b6"

[[package]]
name = "winapi-util"
version = "0.1.11"
source = "registry+https://github.com/rust-lang/crates.io-index"
checksum = "c2a7b1c03c876122aa43f3020e6c3c3ee5c05081c9a00739faf7503aeba10d22"
dependencies = [
 "windows-sys 0.61.2",
]

[[package]]
name = "winapi-x86_64-pc-windows-gnu"
version = "0.4.0"
source = "registry+https://github.com/rust-lang/crates.io-index"
checksum = "712e227841d057c1ee1cd2fb22fa7e5a5461ae8e48fa2ca79ec42cfc1931183f"

[[package]]
name = "windows"
version = "0.61.3"
source = "registry+https://github.com/rust-lang/crates.io-index"
checksum = "9babd3a767a4c1aef6900409f85f5d53ce2544ccdfaa86dad48c91782c6d6893"
dependencies = [
 "windows-collections",
 "windows-core",
 "windows-future",
 "windows-link 0.1.3",
 "windows-numerics",
]

[[package]]
name = "windows-collections"
version = "0.2.0"
source = "registry+https://github.com/rust-lang/crates.io-index"
checksum = "3beeceb5e5cfd9eb1d76b381630e82c4241ccd0d27f1a39ed41b2760b255c5e8"
dependencies = [
 "windows-core",
]

[[package]]
name = "windows-core"
version = "0.61.2"
source = "registry+https://github.com/rust-lang/crates.io-index"
checksum = "c0fdd3ddb90610c7638aa2b3a3ab2904fb9e5cdbecc643ddb3647212781c4ae3"
dependencies = [
 "windows-implement",
 "windows-interface",
 "windows-link 0.1.3",
 "windows-result",
 "windows-strings",
]

[[package]]
name = "windows-future"
version = "0.2.1"
source = "registry+https://github.com/rust-lang/crates.io-index"
checksum = "fc6a41e98427b19fe4b73c550f060b59fa592d7d686537eebf9385621bfbad8e"
dependencies = [
 "windows-core",
 "windows-link 0.1.3",
 "windows-threading",
]

[[package]]
name = "windows-implement"
version = "0.60.2"
source = "registry+https://github.com/rust-lang/crates.io-index"
checksum = "053e2e040ab57b9dc951b72c264860db7eb3b0200ba345b4e4c3b14f67855ddf"
dependencies = [
 "proc-macro2",
 "quote",
 "syn 2.0.111",
]

[[package]]
name = "windows-interface"
version = "0.59.3"
source = "registry+https://github.com/rust-lang/crates.io-index"
checksum = "3f316c4a2570ba26bbec722032c4099d8c8bc095efccdc15688708623367e358"
dependencies = [
 "proc-macro2",
 "quote",
 "syn 2.0.111",
]

[[package]]
name = "windows-link"
version = "0.1.3"
source = "registry+https://github.com/rust-lang/crates.io-index"
checksum = "5e6ad25900d524eaabdbbb96d20b4311e1e7ae1699af4fb28c17ae66c80d798a"

[[package]]
name = "windows-link"
version = "0.2.1"
source = "registry+https://github.com/rust-lang/crates.io-index"
checksum = "f0805222e57f7521d6a62e36fa9163bc891acd422f971defe97d64e70d0a4fe5"

[[package]]
name = "windows-numerics"
version = "0.2.0"
source = "registry+https://github.com/rust-lang/crates.io-index"
checksum = "9150af68066c4c5c07ddc0ce30421554771e528bde427614c61038bc2c92c2b1"
dependencies = [
 "windows-core",
 "windows-link 0.1.3",
]

[[package]]
name = "windows-result"
version = "0.3.4"
source = "registry+https://github.com/rust-lang/crates.io-index"
checksum = "56f42bd332cc6c8eac5af113fc0c1fd6a8fd2aa08a0119358686e5160d0586c6"
dependencies = [
 "windows-link 0.1.3",
]

[[package]]
name = "windows-strings"
version = "0.4.2"
source = "registry+https://github.com/rust-lang/crates.io-index"
checksum = "56e6c93f3a0c3b36176cb1327a4958a0353d5d166c2a35cb268ace15e91d3b57"
dependencies = [
 "windows-link 0.1.3",
]

[[package]]
name = "windows-sys"
version = "0.52.0"
source = "registry+https://github.com/rust-lang/crates.io-index"
checksum = "282be5f36a8ce781fad8c8ae18fa3f9beff57ec1b52cb3de0789201425d9a33d"
dependencies = [
 "windows-targets 0.52.6",
]

[[package]]
name = "windows-sys"
version = "0.60.2"
source = "registry+https://github.com/rust-lang/crates.io-index"
checksum = "f2f500e4d28234f72040990ec9d39e3a6b950f9f22d3dba18416c35882612bcb"
dependencies = [
 "windows-targets 0.53.5",
]

[[package]]
name = "windows-sys"
version = "0.61.2"
source = "registry+https://github.com/rust-lang/crates.io-index"
checksum = "ae137229bcbd6cdf0f7b80a31df61766145077ddf49416a728b02cb3921ff3fc"
dependencies = [
 "windows-link 0.2.1",
]

[[package]]
name = "windows-targets"
version = "0.52.6"
source = "registry+https://github.com/rust-lang/crates.io-index"
checksum = "9b724f72796e036ab90c1021d4780d4d3d648aca59e491e6b98e725b84e99973"
dependencies = [
 "windows_aarch64_gnullvm 0.52.6",
 "windows_aarch64_msvc 0.52.6",
 "windows_i686_gnu 0.52.6",
 "windows_i686_gnullvm 0.52.6",
 "windows_i686_msvc 0.52.6",
 "windows_x86_64_gnu 0.52.6",
 "windows_x86_64_gnullvm 0.52.6",
 "windows_x86_64_msvc 0.52.6",
]

[[package]]
name = "windows-targets"
version = "0.53.5"
source = "registry+https://github.com/rust-lang/crates.io-index"
checksum = "4945f9f551b88e0d65f3db0bc25c33b8acea4d9e41163edf90dcd0b19f9069f3"
dependencies = [
 "windows-link 0.2.1",
 "windows_aarch64_gnullvm 0.53.1",
 "windows_aarch64_msvc 0.53.1",
 "windows_i686_gnu 0.53.1",
 "windows_i686_gnullvm 0.53.1",
 "windows_i686_msvc 0.53.1",
 "windows_x86_64_gnu 0.53.1",
 "windows_x86_64_gnullvm 0.53.1",
 "windows_x86_64_msvc 0.53.1",
]

[[package]]
name = "windows-threading"
version = "0.1.0"
source = "registry+https://github.com/rust-lang/crates.io-index"
checksum = "b66463ad2e0ea3bbf808b7f1d371311c80e115c0b71d60efc142cafbcfb057a6"
dependencies = [
 "windows-link 0.1.3",
]

[[package]]
name = "windows_aarch64_gnullvm"
version = "0.52.6"
source = "registry+https://github.com/rust-lang/crates.io-index"
checksum = "32a4622180e7a0ec044bb555404c800bc9fd9ec262ec147edd5989ccd0c02cd3"

[[package]]
name = "windows_aarch64_gnullvm"
version = "0.53.1"
source = "registry+https://github.com/rust-lang/crates.io-index"
checksum = "a9d8416fa8b42f5c947f8482c43e7d89e73a173cead56d044f6a56104a6d1b53"

[[package]]
name = "windows_aarch64_msvc"
version = "0.52.6"
source = "registry+https://github.com/rust-lang/crates.io-index"
checksum = "09ec2a7bb152e2252b53fa7803150007879548bc709c039df7627cabbd05d469"

[[package]]
name = "windows_aarch64_msvc"
version = "0.53.1"
source = "registry+https://github.com/rust-lang/crates.io-index"
checksum = "b9d782e804c2f632e395708e99a94275910eb9100b2114651e04744e9b125006"

[[package]]
name = "windows_i686_gnu"
version = "0.52.6"
source = "registry+https://github.com/rust-lang/crates.io-index"
checksum = "8e9b5ad5ab802e97eb8e295ac6720e509ee4c243f69d781394014ebfe8bbfa0b"

[[package]]
name = "windows_i686_gnu"
version = "0.53.1"
source = "registry+https://github.com/rust-lang/crates.io-index"
checksum = "960e6da069d81e09becb0ca57a65220ddff016ff2d6af6a223cf372a506593a3"

[[package]]
name = "windows_i686_gnullvm"
version = "0.52.6"
source = "registry+https://github.com/rust-lang/crates.io-index"
checksum = "0eee52d38c090b3caa76c563b86c3a4bd71ef1a819287c19d586d7334ae8ed66"

[[package]]
name = "windows_i686_gnullvm"
version = "0.53.1"
source = "registry+https://github.com/rust-lang/crates.io-index"
checksum = "fa7359d10048f68ab8b09fa71c3daccfb0e9b559aed648a8f95469c27057180c"

[[package]]
name = "windows_i686_msvc"
version = "0.52.6"
source = "registry+https://github.com/rust-lang/crates.io-index"
checksum = "240948bc05c5e7c6dabba28bf89d89ffce3e303022809e73deaefe4f6ec56c66"

[[package]]
name = "windows_i686_msvc"
version = "0.53.1"
source = "registry+https://github.com/rust-lang/crates.io-index"
checksum = "1e7ac75179f18232fe9c285163565a57ef8d3c89254a30685b57d83a38d326c2"

[[package]]
name = "windows_x86_64_gnu"
version = "0.52.6"
source = "registry+https://github.com/rust-lang/crates.io-index"
checksum = "147a5c80aabfbf0c7d901cb5895d1de30ef2907eb21fbbab29ca94c5b08b1a78"

[[package]]
name = "windows_x86_64_gnu"
version = "0.53.1"
source = "registry+https://github.com/rust-lang/crates.io-index"
checksum = "9c3842cdd74a865a8066ab39c8a7a473c0778a3f29370b5fd6b4b9aa7df4a499"

[[package]]
name = "windows_x86_64_gnullvm"
version = "0.52.6"
source = "registry+https://github.com/rust-lang/crates.io-index"
checksum = "24d5b23dc417412679681396f2b49f3de8c1473deb516bd34410872eff51ed0d"

[[package]]
name = "windows_x86_64_gnullvm"
version = "0.53.1"
source = "registry+https://github.com/rust-lang/crates.io-index"
checksum = "0ffa179e2d07eee8ad8f57493436566c7cc30ac536a3379fdf008f47f6bb7ae1"

[[package]]
name = "windows_x86_64_msvc"
version = "0.52.6"
source = "registry+https://github.com/rust-lang/crates.io-index"
checksum = "589f6da84c646204747d1270a2a5661ea66ed1cced2631d546fdfb155959f9ec"

[[package]]
name = "windows_x86_64_msvc"
version = "0.53.1"
source = "registry+https://github.com/rust-lang/crates.io-index"
checksum = "d6bbff5f0aada427a1e5a6da5f1f98158182f26556f345ac9e04d36d0ebed650"
